
Microsoft Visual Studio Solution File, Format Version 12.00
# Visual Studio Version 17
VisualStudioVersion = 17.0.31808.319
MinimumVisualStudioVersion = 10.0.40219.1
Project("{FAE04EC0-301F-11D3-BF4B-00C04F79EFBC}") = "obj_könnyü2", "obj_könnyü2\obj_könnyü2.csproj", "{5479EE1F-6224-4820-BE09-E3A855899B5B}"
EndProject
Global
	GlobalSection(SolutionConfigurationPlatforms) = preSolution
		Debug|Any CPU = Debug|Any CPU
		Release|Any CPU = Release|Any CPU
	EndGlobalSection
	GlobalSection(ProjectConfigurationPlatforms) = postSolution
		{5479EE1F-6224-4820-BE09-E3A855899B5B}.Debug|Any CPU.ActiveCfg = Debug|Any CPU
		{5479EE1F-6224-4820-BE09-E3A855899B5B}.Debug|Any CPU.Build.0 = Debug|Any CPU
		{5479EE1F-6224-4820-BE09-E3A855899B5B}.Release|Any CPU.ActiveCfg = Release|Any CPU
		{5479EE1F-6224-4820-BE09-E3A855899B5B}.Release|Any CPU.Build.0 = Release|Any CPU
	EndGlobalSection
	GlobalSection(SolutionProperties) = preSolution
		HideSolutionNode = FALSE
	EndGlobalSection
	GlobalSection(ExtensibilityGlobals) = postSolution
		SolutionGuid = {00BE569D-066D-480D-9EBE-D68483B9092B}
	EndGlobalSection
EndGlobal
